{
  "version": 1,
  "dependencies": {
    "net9.0": {
      "Hangfire.Core": {
        "type": "Direct",
        "requested": "[1.8.17, )",
        "resolved": "1.8.17",
        "contentHash": "PJbESth45US95kcFn3P2xd//l5C34YPskcU9q/mdIutVcYbd2kvsZDBFmz0/HYxa0nrocdjSpO6MGwPU4kE8Pw==",
        "dependencies": {
          "Newtonsoft.Json": "11.0.1"
        }
      },
      "Newtonsoft.Json": {
        "type": "Transitive",
        "resolved": "11.0.1",
        "contentHash": "pNN4l+J6LlpIvHOeNdXlwxv39NPJ2B5klz+Rd2UQZIx30Squ5oND1Yy3wEAUoKn0GPUj6Yxt9lxlYWQqfZcvKg=="
      }
    }
  }
}